
Microsoft Visual Studio Solution File, Format Version 12.00
Project("{FAE04EC0-301F-11D3-BF4B-00C04F79EFBC}") = "SumAndAvaregeNumbersFromFile", "SumAndAvaregeNumbersFromFile\SumAndAvaregeNumbersFromFile.csproj", "{8CABEDFD-96E2-4B71-A80B-0988255D2BE6}"
EndProject
Project("{FAE04EC0-301F-11D3-BF4B-00C04F79EFBC}") = "FileProcessingTests", "FileProcessingTests\FileProcessingTests.csproj", "{A0EBD1DB-E361-4A2B-88F2-D48C6EA65A3D}"
EndProject
Global
	GlobalSection(SolutionConfigurationPlatforms) = preSolution
		Debug|Any CPU = Debug|Any CPU
		Release|Any CPU = Release|Any CPU
	EndGlobalSection
	GlobalSection(ProjectConfigurationPlatforms) = postSolution
		{8CABEDFD-96E2-4B71-A80B-0988255D2BE6}.Debug|Any CPU.ActiveCfg = Debug|Any CPU
		{8CABEDFD-96E2-4B71-A80B-0988255D2BE6}.Debug|Any CPU.Build.0 = Debug|Any CPU
		{8CABEDFD-96E2-4B71-A80B-0988255D2BE6}.Release|Any CPU.ActiveCfg = Release|Any CPU
		{8CABEDFD-96E2-4B71-A80B-0988255D2BE6}.Release|Any CPU.Build.0 = Release|Any CPU
		{A0EBD1DB-E361-4A2B-88F2-D48C6EA65A3D}.Debug|Any CPU.ActiveCfg = Debug|Any CPU
		{A0EBD1DB-E361-4A2B-88F2-D48C6EA65A3D}.Debug|Any CPU.Build.0 = Debug|Any CPU
		{A0EBD1DB-E361-4A2B-88F2-D48C6EA65A3D}.Release|Any CPU.ActiveCfg = Release|Any CPU
		{A0EBD1DB-E361-4A2B-88F2-D48C6EA65A3D}.Release|Any CPU.Build.0 = Release|Any CPU
	EndGlobalSection
EndGlobal
